
Microsoft Visual Studio Solution File, Format Version 12.00
Project("{FAE04EC0-301F-11D3-BF4B-00C04F79EFBC}") = "ShowCamera", "ShowCamera\ShowCamera.csproj", "{492531C9-C212-4D21-AE7A-EF04E7D00325}"
EndProject
Global
	GlobalSection(SolutionConfigurationPlatforms) = preSolution
		Debug|Any CPU = Debug|Any CPU
		Release|Any CPU = Release|Any CPU
	EndGlobalSection
	GlobalSection(ProjectConfigurationPlatforms) = postSolution
		{492531C9-C212-4D21-AE7A-EF04E7D00325}.Debug|Any CPU.ActiveCfg = Debug|Any CPU
		{492531C9-C212-4D21-AE7A-EF04E7D00325}.Debug|Any CPU.Build.0 = Debug|Any CPU
		{492531C9-C212-4D21-AE7A-EF04E7D00325}.Release|Any CPU.ActiveCfg = Release|Any CPU
		{492531C9-C212-4D21-AE7A-EF04E7D00325}.Release|Any CPU.Build.0 = Release|Any CPU
	EndGlobalSection
EndGlobal
